
Microsoft Visual Studio Solution File, Format Version 12.00
# Visual Studio Version 17
VisualStudioVersion = 17.8.34309.116
MinimumVisualStudioVersion = 10.0.40219.1
Project("{9A19103F-16F7-4668-BE54-9A1E7A4F7556}") = "TodoApi", "TodoApi.csproj", "{6DD2FD4C-454E-40C4-9549-EEC1A4EF4ED1}"
EndProject
Global
	GlobalSection(SolutionConfigurationPlatforms) = preSolution
		Debug|Any CPU = Debug|Any CPU
		Release|Any CPU = Release|Any CPU
	EndGlobalSection
	GlobalSection(ProjectConfigurationPlatforms) = postSolution
		{6DD2FD4C-454E-40C4-9549-EEC1A4EF4ED1}.Debug|Any CPU.ActiveCfg = Debug|Any CPU
		{6DD2FD4C-454E-40C4-9549-EEC1A4EF4ED1}.Debug|Any CPU.Build.0 = Debug|Any CPU
		{6DD2FD4C-454E-40C4-9549-EEC1A4EF4ED1}.Release|Any CPU.ActiveCfg = Release|Any CPU
		{6DD2FD4C-454E-40C4-9549-EEC1A4EF4ED1}.Release|Any CPU.Build.0 = Release|Any CPU
	EndGlobalSection
	GlobalSection(SolutionProperties) = preSolution
		HideSolutionNode = FALSE
	EndGlobalSection
	GlobalSection(ExtensibilityGlobals) = postSolution
		SolutionGuid = {C7AAC829-699E-4DCB-B39A-EAD570FDE2E5}
	EndGlobalSection
EndGlobal
